
Microsoft Visual Studio Solution File, Format Version 12.00
# Visual Studio Version 17
VisualStudioVersion = 17.5.33627.172
MinimumVisualStudioVersion = 10.0.40219.1
Project("{FAE04EC0-301F-11D3-BF4B-00C04F79EFBC}") = "Asyncronia", "Asyncronia\Asyncronia.csproj", "{1FE1BD93-DE97-4C82-A421-EE6DDA691156}"
EndProject
Global
	GlobalSection(SolutionConfigurationPlatforms) = preSolution
		Debug|Any CPU = Debug|Any CPU
		Release|Any CPU = Release|Any CPU
	EndGlobalSection
	GlobalSection(ProjectConfigurationPlatforms) = postSolution
		{1FE1BD93-DE97-4C82-A421-EE6DDA691156}.Debug|Any CPU.ActiveCfg = Debug|Any CPU
		{1FE1BD93-DE97-4C82-A421-EE6DDA691156}.Debug|Any CPU.Build.0 = Debug|Any CPU
		{1FE1BD93-DE97-4C82-A421-EE6DDA691156}.Release|Any CPU.ActiveCfg = Release|Any CPU
		{1FE1BD93-DE97-4C82-A421-EE6DDA691156}.Release|Any CPU.Build.0 = Release|Any CPU
	EndGlobalSection
	GlobalSection(SolutionProperties) = preSolution
		HideSolutionNode = FALSE
	EndGlobalSection
	GlobalSection(ExtensibilityGlobals) = postSolution
		SolutionGuid = {109E8104-1953-46C5-B8B0-9B319FD47744}
	EndGlobalSection
EndGlobal
